
Microsoft Visual Studio Solution File, Format Version 12.00
# Visual Studio Version 16
VisualStudioVersion = 16.0.29009.5
MinimumVisualStudioVersion = 10.0.40219.1
Project("{9A19103F-16F7-4668-BE54-9A1E7A4F7556}") = "arrays", "D:\algorithms\amazon\c#\arrays\arrays.csproj", "{A978C82E-4346-49FD-95D4-97021E41FD0C}"
EndProject
Project("{FAE04EC0-301F-11D3-BF4B-00C04F79EFBC}") = "LinkedList", "LinkedList\LinkedList.csproj", "{1D9E5214-8F2B-46FC-971F-4B9B916DBD83}"
EndProject
Global
	GlobalSection(SolutionConfigurationPlatforms) = preSolution
		Debug|Any CPU = Debug|Any CPU
		Release|Any CPU = Release|Any CPU
	EndGlobalSection
	GlobalSection(ProjectConfigurationPlatforms) = postSolution
		{A978C82E-4346-49FD-95D4-97021E41FD0C}.Debug|Any CPU.ActiveCfg = Debug|Any CPU
		{A978C82E-4346-49FD-95D4-97021E41FD0C}.Debug|Any CPU.Build.0 = Debug|Any CPU
		{A978C82E-4346-49FD-95D4-97021E41FD0C}.Release|Any CPU.ActiveCfg = Release|Any CPU
		{A978C82E-4346-49FD-95D4-97021E41FD0C}.Release|Any CPU.Build.0 = Release|Any CPU
		{1D9E5214-8F2B-46FC-971F-4B9B916DBD83}.Debug|Any CPU.ActiveCfg = Debug|Any CPU
		{1D9E5214-8F2B-46FC-971F-4B9B916DBD83}.Debug|Any CPU.Build.0 = Debug|Any CPU
		{1D9E5214-8F2B-46FC-971F-4B9B916DBD83}.Release|Any CPU.ActiveCfg = Release|Any CPU
		{1D9E5214-8F2B-46FC-971F-4B9B916DBD83}.Release|Any CPU.Build.0 = Release|Any CPU
	EndGlobalSection
	GlobalSection(SolutionProperties) = preSolution
		HideSolutionNode = FALSE
	EndGlobalSection
	GlobalSection(ExtensibilityGlobals) = postSolution
		SolutionGuid = {660679C1-768F-47CA-A0FD-A0CCC7E8CB87}
	EndGlobalSection
EndGlobal
